{"format_version":"1.2","terraform_version":"1.5.0","planned_values":{"root_module":{"resources":[{"address":"aws_secretsmanager_secret.example","mode":"managed","type":"aws_secretsmanager_secret","name":"example","provider_name":"registry.terraform.io/hashicorp/aws","schema_version":0,"values":{"description":null,"force_overwrite_replica_secret":false,"kms_key_id":null,"name":"example","recovery_window_in_days":30,"tags":null},"sensitive_values":{"replica":[],"tags_all":{}}},{"address":"aws_secretsmanager_secret_version.first","mode":"managed","type":"aws_secretsmanager_secret_version","name":"first","provider_name":"registry.terraform.io/hashicorp/aws","schema_version":0,"values":{"secret_binary":null,"secret_string":"sUp3rs3cr3t"},"sensitive_values":{"version_stages":[]}},{"address":"data.aws_secretsmanager_secret_version.second","mode":"data","type":"aws_secretsmanager_secret_version","name":"second","provider_name":"registry.terraform.io/hashicorp/aws","schema_version":0,"values":{"version_stage":null},"sensitive_values":{"version_stages":[]}}]}},"resource_changes":[{"address":"data.aws_secretsmanager_secret_version.second","mode":"data","type":"aws_secretsmanager_secret_version","name":"second","provider_name":"registry.terraform.io/hashicorp/aws","change":{"actions":["read"],"before":null,"after":{"version_stage":null},"after_unknown":{"arn":true,"created_date":true,"id":true,"secret_binary":true,"secret_id":true,"secret_string":true,"version_id":true,"version_stages":true},"before_sensitive":false,"after_sensitive":{"secret_binary":true,"secret_string":true,"version_stages":[]}},"action_reason":"read_because_config_unknown"},{"address":"aws_secretsmanager_secret.example","mode":"managed","type":"aws_secretsmanager_secret","name":"example","provider_name":"registry.terraform.io/hashicorp/aws","change":{"actions":["create"],"before":null,"after":{"description":null,"force_overwrite_replica_secret":false,"kms_key_id":null,"name":"example","recovery_window_in_days":30,"tags":null},"after_unknown":{"arn":true,"id":true,"name_prefix":true,"policy":true,"replica":true,"tags_all":true},"before_sensitive":false,"after_sensitive":{"replica":[],"tags_all":{}}}},{"address":"aws_secretsmanager_secret_version.first","mode":"managed","type":"aws_secretsmanager_secret_version","name":"first","provider_name":"registry.terraform.io/hashicorp/aws","change":{"actions":["create"],"before":null,"after":{"secret_binary":null,"secret_string":"sUp3rs3cr3t"},"after_unknown":{"arn":true,"id":true,"secret_id":true,"version_id":true,"version_stages":true},"before_sensitive":false,"after_sensitive":{"secret_binary":true,"secret_string":true,"version_stages":[]}}}],"configuration":{"provider_config":{"aws":{"name":"aws","full_name":"registry.terraform.io/hashicorp/aws","expressions":{"region":{"constant_value":"us-east-1"}}}},"root_module":{"resources":[{"address":"aws_secretsmanager_secret.example","mode":"managed","type":"aws_secretsmanager_secret","name":"example","provider_config_key":"aws","expressions":{"name":{"constant_value":"example"}},"schema_version":0},{"address":"aws_secretsmanager_secret_version.first","mode":"managed","type":"aws_secretsmanager_secret_version","name":"first","provider_config_key":"aws","expressions":{"secret_id":{"references":["aws_secretsmanager_secret.example.id","aws_secretsmanager_secret.example"]},"secret_string":{"constant_value":"sUp3rs3cr3t"}},"schema_version":0},{"address":"data.aws_secretsmanager_secret_version.second","mode":"data","type":"aws_secretsmanager_secret_version","name":"second","provider_config_key":"aws","expressions":{"secret_id":{"references":["aws_secretsmanager_secret.example.id","aws_secretsmanager_secret.example"]}},"schema_version":0}]}},"relevant_attributes":[{"resource":"aws_secretsmanager_secret.example","attribute":["id"]}],"timestamp":"2024-07-23T14:11:23Z"}
